// !$*UTF8*$!
{
	archiveVersion = 1;
	classes = {
	};
	objectVersion = 46;
	objects = {

/* Begin PBXBuildFile section */
		B906AC5D1AFD0DC100CC2B52 /* AppDelegate.swift in Sources */ = {isa = PBXBuildFile; fileRef = B906AC5C1AFD0DC100CC2B52 /* AppDelegate.swift */; };
		B906AC601AFD0DC100CC2B52 /* HatuPro.xcdatamodeld in Sources */ = {isa = PBXBuildFile; fileRef = B906AC5E1AFD0DC100CC2B52 /* HatuPro.xcdatamodeld */; };
		B906AC651AFD0DC100CC2B52 /* Main.storyboard in Resources */ = {isa = PBXBuildFile; fileRef = B906AC631AFD0DC100CC2B52 /* Main.storyboard */; };
		B906AC671AFD0DC100CC2B52 /* Images.xcassets in Resources */ = {isa = PBXBuildFile; fileRef = B906AC661AFD0DC100CC2B52 /* Images.xcassets */; };
		B906AC6A1AFD0DC100CC2B52 /* LaunchScreen.xib in Resources */ = {isa = PBXBuildFile; fileRef = B906AC681AFD0DC100CC2B52 /* LaunchScreen.xib */; };
		B906AC761AFD0DC100CC2B52 /* HatuProTests.swift in Sources */ = {isa = PBXBuildFile; fileRef = B906AC751AFD0DC100CC2B52 /* HatuProTests.swift */; };
		B906AC821AFD0F7500CC2B52 /* splash_logo.png in Resources */ = {isa = PBXBuildFile; fileRef = B906AC811AFD0F7500CC2B52 /* splash_logo.png */; };
		B906AC841AFD0F7C00CC2B52 /* splash_logo@2x.png in Resources */ = {isa = PBXBuildFile; fileRef = B906AC831AFD0F7C00CC2B52 /* splash_logo@2x.png */; };
		B906AC861AFD0F8300CC2B52 /* splash_logo@3x.png in Resources */ = {isa = PBXBuildFile; fileRef = B906AC851AFD0F8300CC2B52 /* splash_logo@3x.png */; };
		B906AC8A1AFD155700CC2B52 /* LoginViewController.swift in Sources */ = {isa = PBXBuildFile; fileRef = B906AC891AFD155700CC2B52 /* LoginViewController.swift */; };
		B906AC921AFD4BA700CC2B52 /* MainViewController.swift in Sources */ = {isa = PBXBuildFile; fileRef = B906AC911AFD4BA700CC2B52 /* MainViewController.swift */; };
		B906AC981AFD721500CC2B52 /* presentation_icon.png in Resources */ = {isa = PBXBuildFile; fileRef = B906AC951AFD721500CC2B52 /* presentation_icon.png */; };
		B906AC991AFD721500CC2B52 /* presentation_icon@2x.png in Resources */ = {isa = PBXBuildFile; fileRef = B906AC961AFD721500CC2B52 /* presentation_icon@2x.png */; };
		B906AC9A1AFD721500CC2B52 /* presentation_icon@3x.png in Resources */ = {isa = PBXBuildFile; fileRef = B906AC971AFD721500CC2B52 /* presentation_icon@3x.png */; };
		B9A0BDC51B0109EA00F00416 /* listing_icon.png in Resources */ = {isa = PBXBuildFile; fileRef = B9A0BDC21B0109EA00F00416 /* listing_icon.png */; };
		B9A0BDC61B0109EA00F00416 /* listing_icon@2x.png in Resources */ = {isa = PBXBuildFile; fileRef = B9A0BDC31B0109EA00F00416 /* listing_icon@2x.png */; };
		B9A0BDC71B0109EA00F00416 /* listing_icon@3x.png in Resources */ = {isa = PBXBuildFile; fileRef = B9A0BDC41B0109EA00F00416 /* listing_icon@3x.png */; };
		B9A0BDCB1B010A1900F00416 /* agent_icon.png in Resources */ = {isa = PBXBuildFile; fileRef = B9A0BDC81B010A1900F00416 /* agent_icon.png */; };
		B9A0BDCC1B010A1900F00416 /* agent_icon@2x.png in Resources */ = {isa = PBXBuildFile; fileRef = B9A0BDC91B010A1900F00416 /* agent_icon@2x.png */; };
		B9A0BDCD1B010A1900F00416 /* agent_icon@3x.png in Resources */ = {isa = PBXBuildFile; fileRef = B9A0BDCA1B010A1900F00416 /* agent_icon@3x.png */; };
		B9A0BDD21B010D3100F00416 /* settings_icon.png in Resources */ = {isa = PBXBuildFile; fileRef = B9A0BDCE1B010D3100F00416 /* settings_icon.png */; };
		B9A0BDD31B010D3100F00416 /* settings_icon@2x.png in Resources */ = {isa = PBXBuildFile; fileRef = B9A0BDCF1B010D3100F00416 /* settings_icon@2x.png */; };
		B9A0BDD41B010D3100F00416 /* settings_icon@3x.png in Resources */ = {isa = PBXBuildFile; fileRef = B9A0BDD01B010D3100F00416 /* settings_icon@3x.png */; };
		B9A0BDD51B010D3100F00416 /* settings_icon@4x.png in Resources */ = {isa = PBXBuildFile; fileRef = B9A0BDD11B010D3100F00416 /* settings_icon@4x.png */; };
		B9A0BDDD1B014A3700F00416 /* AgentViewController.swift in Sources */ = {isa = PBXBuildFile; fileRef = B9A0BDDC1B014A3700F00416 /* AgentViewController.swift */; };
		B9A0BDDF1B0152B000F00416 /* PresentationViewController.swift in Sources */ = {isa = PBXBuildFile; fileRef = B9A0BDDE1B0152B000F00416 /* PresentationViewController.swift */; };
		B9A0BDE11B0152C300F00416 /* ListingViewController.swift in Sources */ = {isa = PBXBuildFile; fileRef = B9A0BDE01B0152C300F00416 /* ListingViewController.swift */; };
		B9A0BDE31B01593C00F00416 /* logo_lt.png in Resources */ = {isa = PBXBuildFile; fileRef = B9A0BDE21B01593C00F00416 /* logo_lt.png */; };
		B9A0BDE61B015AA500F00416 /* logo_lt@2x.png in Resources */ = {isa = PBXBuildFile; fileRef = B9A0BDE41B015AA500F00416 /* logo_lt@2x.png */; };
		B9A0BDE71B015AA500F00416 /* logo_lt@3x.png in Resources */ = {isa = PBXBuildFile; fileRef = B9A0BDE51B015AA500F00416 /* logo_lt@3x.png */; };
		B9A0BDEB1B015C4700F00416 /* plus_present.png in Resources */ = {isa = PBXBuildFile; fileRef = B9A0BDE81B015C4700F00416 /* plus_present.png */; };
		B9A0BDEC1B015C4700F00416 /* plus_present@2x.png in Resources */ = {isa = PBXBuildFile; fileRef = B9A0BDE91B015C4700F00416 /* plus_present@2x.png */; };
		B9A0BDED1B015C4700F00416 /* plus_present@3x.png in Resources */ = {isa = PBXBuildFile; fileRef = B9A0BDEA1B015C4700F00416 /* plus_present@3x.png */; };
/* End PBXBuildFile section */

/* Begin PBXContainerItemProxy section */
		B906AC701AFD0DC100CC2B52 /* PBXContainerItemProxy */ = {
			isa = PBXContainerItemProxy;
			containerPortal = B906AC4F1AFD0DC100CC2B52 /* Project object */;
			proxyType = 1;
			remoteGlobalIDString = B906AC561AFD0DC100CC2B52;
			remoteInfo = HatuPro;
		};
/* End PBXContainerItemProxy section */

/* Begin PBXFileReference section */
		B906AC571AFD0DC100CC2B52 /* HatuPro.app */ = {isa = PBXFileReference; explicitFileType = wrapper.application; includeInIndex = 0; path = HatuPro.app; sourceTree = BUILT_PRODUCTS_DIR; };
		B906AC5B1AFD0DC100CC2B52 /* Info.plist */ = {isa = PBXFileReference; lastKnownFileType = text.plist.xml; path = Info.plist; sourceTree = "<group>"; };
		B906AC5C1AFD0DC100CC2B52 /* AppDelegate.swift */ = {isa = PBXFileReference; lastKnownFileType = sourcecode.swift; path = AppDelegate.swift; sourceTree = "<group>"; };
		B906AC5F1AFD0DC100CC2B52 /* HatuPro.xcdatamodel */ = {isa = PBXFileReference; lastKnownFileType = wrapper.xcdatamodel; path = HatuPro.xcdatamodel; sourceTree = "<group>"; };
		B906AC641AFD0DC100CC2B52 /* Base */ = {isa = PBXFileReference; lastKnownFileType = file.storyboard; name = Base; path = Base.lproj/Main.storyboard; sourceTree = "<group>"; };
		B906AC661AFD0DC100CC2B52 /* Images.xcassets */ = {isa = PBXFileReference; lastKnownFileType = folder.assetcatalog; path = Images.xcassets; sourceTree = "<group>"; };
		B906AC691AFD0DC100CC2B52 /* Base */ = {isa = PBXFileReference; lastKnownFileType = file.xib; name = Base; path = Base.lproj/LaunchScreen.xib; sourceTree = "<group>"; };
		B906AC6F1AFD0DC100CC2B52 /* HatuProTests.xctest */ = {isa = PBXFileReference; explicitFileType = wrapper.cfbundle; includeInIndex = 0; path = HatuProTests.xctest; sourceTree = BUILT_PRODUCTS_DIR; };
		B906AC741AFD0DC100CC2B52 /* Info.plist */ = {isa = PBXFileReference; lastKnownFileType = text.plist.xml; path = Info.plist; sourceTree = "<group>"; };
		B906AC751AFD0DC100CC2B52 /* HatuProTests.swift */ = {isa = PBXFileReference; lastKnownFileType = sourcecode.swift; path = HatuProTests.swift; sourceTree = "<group>"; };
		B906AC811AFD0F7500CC2B52 /* splash_logo.png */ = {isa = PBXFileReference; lastKnownFileType = image.png; path = splash_logo.png; sourceTree = "<group>"; };
		B906AC831AFD0F7C00CC2B52 /* splash_logo@2x.png */ = {isa = PBXFileReference; lastKnownFileType = image.png; path = "splash_logo@2x.png"; sourceTree = "<group>"; };
		B906AC851AFD0F8300CC2B52 /* splash_logo@3x.png */ = {isa = PBXFileReference; lastKnownFileType = image.png; path = "splash_logo@3x.png"; sourceTree = "<group>"; };
		B906AC891AFD155700CC2B52 /* LoginViewController.swift */ = {isa = PBXFileReference; fileEncoding = 4; lastKnownFileType = sourcecode.swift; path = LoginViewController.swift; sourceTree = "<group>"; };
		B906AC911AFD4BA700CC2B52 /* MainViewController.swift */ = {isa = PBXFileReference; fileEncoding = 4; lastKnownFileType = sourcecode.swift; path = MainViewController.swift; sourceTree = "<group>"; };
		B906AC951AFD721500CC2B52 /* presentation_icon.png */ = {isa = PBXFileReference; lastKnownFileType = image.png; path = presentation_icon.png; sourceTree = "<group>"; };
		B906AC961AFD721500CC2B52 /* presentation_icon@2x.png */ = {isa = PBXFileReference; lastKnownFileType = image.png; path = "presentation_icon@2x.png"; sourceTree = "<group>"; };
		B906AC971AFD721500CC2B52 /* presentation_icon@3x.png */ = {isa = PBXFileReference; lastKnownFileType = image.png; path = "presentation_icon@3x.png"; sourceTree = "<group>"; };
		B9A0BDC21B0109EA00F00416 /* listing_icon.png */ = {isa = PBXFileReference; lastKnownFileType = image.png; path = listing_icon.png; sourceTree = "<group>"; };
		B9A0BDC31B0109EA00F00416 /* listing_icon@2x.png */ = {isa = PBXFileReference; lastKnownFileType = image.png; path = "listing_icon@2x.png"; sourceTree = "<group>"; };
		B9A0BDC41B0109EA00F00416 /* listing_icon@3x.png */ = {isa = PBXFileReference; lastKnownFileType = image.png; path = "listing_icon@3x.png"; sourceTree = "<group>"; };
		B9A0BDC81B010A1900F00416 /* agent_icon.png */ = {isa = PBXFileReference; lastKnownFileType = image.png; path = agent_icon.png; sourceTree = "<group>"; };
		B9A0BDC91B010A1900F00416 /* agent_icon@2x.png */ = {isa = PBXFileReference; lastKnownFileType = image.png; path = "agent_icon@2x.png"; sourceTree = "<group>"; };
		B9A0BDCA1B010A1900F00416 /* agent_icon@3x.png */ = {isa = PBXFileReference; lastKnownFileType = image.png; path = "agent_icon@3x.png"; sourceTree = "<group>"; };
		B9A0BDCE1B010D3100F00416 /* settings_icon.png */ = {isa = PBXFileReference; lastKnownFileType = image.png; path = settings_icon.png; sourceTree = "<group>"; };
		B9A0BDCF1B010D3100F00416 /* settings_icon@2x.png */ = {isa = PBXFileReference; lastKnownFileType = image.png; path = "settings_icon@2x.png"; sourceTree = "<group>"; };
		B9A0BDD01B010D3100F00416 /* settings_icon@3x.png */ = {isa = PBXFileReference; lastKnownFileType = image.png; path = "settings_icon@3x.png"; sourceTree = "<group>"; };
		B9A0BDD11B010D3100F00416 /* settings_icon@4x.png */ = {isa = PBXFileReference; lastKnownFileType = image.png; path = "settings_icon@4x.png"; sourceTree = "<group>"; };
		B9A0BDDC1B014A3700F00416 /* AgentViewController.swift */ = {isa = PBXFileReference; fileEncoding = 4; lastKnownFileType = sourcecode.swift; path = AgentViewController.swift; sourceTree = "<group>"; };
		B9A0BDDE1B0152B000F00416 /* PresentationViewController.swift */ = {isa = PBXFileReference; fileEncoding = 4; lastKnownFileType = sourcecode.swift; path = PresentationViewController.swift; sourceTree = "<group>"; };
		B9A0BDE01B0152C300F00416 /* ListingViewController.swift */ = {isa = PBXFileReference; fileEncoding = 4; lastKnownFileType = sourcecode.swift; path = ListingViewController.swift; sourceTree = "<group>"; };
		B9A0BDE21B01593C00F00416 /* logo_lt.png */ = {isa = PBXFileReference; lastKnownFileType = image.png; path = logo_lt.png; sourceTree = "<group>"; };
		B9A0BDE41B015AA500F00416 /* logo_lt@2x.png */ = {isa = PBXFileReference; lastKnownFileType = image.png; path = "logo_lt@2x.png"; sourceTree = "<group>"; };
		B9A0BDE51B015AA500F00416 /* logo_lt@3x.png */ = {isa = PBXFileReference; lastKnownFileType = image.png; path = "logo_lt@3x.png"; sourceTree = "<group>"; };
		B9A0BDE81B015C4700F00416 /* plus_present.png */ = {isa = PBXFileReference; lastKnownFileType = image.png; path = plus_present.png; sourceTree = "<group>"; };
		B9A0BDE91B015C4700F00416 /* plus_present@2x.png */ = {isa = PBXFileReference; lastKnownFileType = image.png; path = "plus_present@2x.png"; sourceTree = "<group>"; };
		B9A0BDEA1B015C4700F00416 /* plus_present@3x.png */ = {isa = PBXFileReference; lastKnownFileType = image.png; path = "plus_present@3x.png"; sourceTree = "<group>"; };
/* End PBXFileReference section */

/* Begin PBXFrameworksBuildPhase section */
		B906AC541AFD0DC100CC2B52 /* Frameworks */ = {
			isa = PBXFrameworksBuildPhase;
			buildActionMask = 2147483647;
			files = (
			);
			runOnlyForDeploymentPostprocessing = 0;
		};
		B906AC6C1AFD0DC100CC2B52 /* Frameworks */ = {
			isa = PBXFrameworksBuildPhase;
			buildActionMask = 2147483647;
			files = (
			);
			runOnlyForDeploymentPostprocessing = 0;
		};
/* End PBXFrameworksBuildPhase section */

/* Begin PBXGroup section */
		B906AC4E1AFD0DC100CC2B52 = {
			isa = PBXGroup;
			children = (
				B906AC591AFD0DC100CC2B52 /* HatuPro */,
				B906AC721AFD0DC100CC2B52 /* HatuProTests */,
				B906AC581AFD0DC100CC2B52 /* Products */,
			);
			sourceTree = "<group>";
		};
		B906AC581AFD0DC100CC2B52 /* Products */ = {
			isa = PBXGroup;
			children = (
				B906AC571AFD0DC100CC2B52 /* HatuPro.app */,
				B906AC6F1AFD0DC100CC2B52 /* HatuProTests.xctest */,
			);
			name = Products;
			sourceTree = "<group>";
		};
		B906AC591AFD0DC100CC2B52 /* HatuPro */ = {
			isa = PBXGroup;
			children = (
				B906AC801AFD0F6700CC2B52 /* Graphics */,
				B906AC5C1AFD0DC100CC2B52 /* AppDelegate.swift */,
				B906AC631AFD0DC100CC2B52 /* Main.storyboard */,
				B906AC661AFD0DC100CC2B52 /* Images.xcassets */,
				B906AC681AFD0DC100CC2B52 /* LaunchScreen.xib */,
				B906AC5E1AFD0DC100CC2B52 /* HatuPro.xcdatamodeld */,
				B906AC5A1AFD0DC100CC2B52 /* Supporting Files */,
				B906AC891AFD155700CC2B52 /* LoginViewController.swift */,
				B906AC911AFD4BA700CC2B52 /* MainViewController.swift */,
				B9A0BDDC1B014A3700F00416 /* AgentViewController.swift */,
				B9A0BDDE1B0152B000F00416 /* PresentationViewController.swift */,
				B9A0BDE01B0152C300F00416 /* ListingViewController.swift */,
			);
			path = HatuPro;
			sourceTree = "<group>";
		};
		B906AC5A1AFD0DC100CC2B52 /* Supporting Files */ = {
			isa = PBXGroup;
			children = (
				B906AC5B1AFD0DC100CC2B52 /* Info.plist */,
			);
			name = "Supporting Files";
			sourceTree = "<group>";
		};
		B906AC721AFD0DC100CC2B52 /* HatuProTests */ = {
			isa = PBXGroup;
			children = (
				B906AC751AFD0DC100CC2B52 /* HatuProTests.swift */,
				B906AC731AFD0DC100CC2B52 /* Supporting Files */,
			);
			path = HatuProTests;
			sourceTree = "<group>";
		};
		B906AC731AFD0DC100CC2B52 /* Supporting Files */ = {
			isa = PBXGroup;
			children = (
				B906AC741AFD0DC100CC2B52 /* Info.plist */,
			);
			name = "Supporting Files";
			sourceTree = "<group>";
		};
		B906AC801AFD0F6700CC2B52 /* Graphics */ = {
			isa = PBXGroup;
			children = (
				B9A0BDE81B015C4700F00416 /* plus_present.png */,
				B9A0BDE91B015C4700F00416 /* plus_present@2x.png */,
				B9A0BDEA1B015C4700F00416 /* plus_present@3x.png */,
				B9A0BDE41B015AA500F00416 /* logo_lt@2x.png */,
				B9A0BDE51B015AA500F00416 /* logo_lt@3x.png */,
				B9A0BDE21B01593C00F00416 /* logo_lt.png */,
				B9A0BDCE1B010D3100F00416 /* settings_icon.png */,
				B9A0BDCF1B010D3100F00416 /* settings_icon@2x.png */,
				B9A0BDD01B010D3100F00416 /* settings_icon@3x.png */,
				B9A0BDD11B010D3100F00416 /* settings_icon@4x.png */,
				B9A0BDC81B010A1900F00416 /* agent_icon.png */,
				B9A0BDC91B010A1900F00416 /* agent_icon@2x.png */,
				B9A0BDCA1B010A1900F00416 /* agent_icon@3x.png */,
				B9A0BDC21B0109EA00F00416 /* listing_icon.png */,
				B9A0BDC31B0109EA00F00416 /* listing_icon@2x.png */,
				B9A0BDC41B0109EA00F00416 /* listing_icon@3x.png */,
				B906AC951AFD721500CC2B52 /* presentation_icon.png */,
				B906AC961AFD721500CC2B52 /* presentation_icon@2x.png */,
				B906AC971AFD721500CC2B52 /* presentation_icon@3x.png */,
				B906AC851AFD0F8300CC2B52 /* splash_logo@3x.png */,
				B906AC831AFD0F7C00CC2B52 /* splash_logo@2x.png */,
				B906AC811AFD0F7500CC2B52 /* splash_logo.png */,
			);
			name = Graphics;
			sourceTree = "<group>";
		};
/* End PBXGroup section */

/* Begin PBXNativeTarget section */
		B906AC561AFD0DC100CC2B52 /* HatuPro */ = {
			isa = PBXNativeTarget;
			buildConfigurationList = B906AC791AFD0DC100CC2B52 /* Build configuration list for PBXNativeTarget "HatuPro" */;
			buildPhases = (
				B906AC531AFD0DC100CC2B52 /* Sources */,
				B906AC541AFD0DC100CC2B52 /* Frameworks */,
				B906AC551AFD0DC100CC2B52 /* Resources */,
			);
			buildRules = (
			);
			dependencies = (
			);
			name = HatuPro;
			productName = HatuPro;
			productReference = B906AC571AFD0DC100CC2B52 /* HatuPro.app */;
			productType = "com.apple.product-type.application";
		};
		B906AC6E1AFD0DC100CC2B52 /* HatuProTests */ = {
			isa = PBXNativeTarget;
			buildConfigurationList = B906AC7C1AFD0DC100CC2B52 /* Build configuration list for PBXNativeTarget "HatuProTests" */;
			buildPhases = (
				B906AC6B1AFD0DC100CC2B52 /* Sources */,
				B906AC6C1AFD0DC100CC2B52 /* Frameworks */,
				B906AC6D1AFD0DC100CC2B52 /* Resources */,
			);
			buildRules = (
			);
			dependencies = (
				B906AC711AFD0DC100CC2B52 /* PBXTargetDependency */,
			);
			name = HatuProTests;
			productName = HatuProTests;
			productReference = B906AC6F1AFD0DC100CC2B52 /* HatuProTests.xctest */;
			productType = "com.apple.product-type.bundle.unit-test";
		};
/* End PBXNativeTarget section */

/* Begin PBXProject section */
		B906AC4F1AFD0DC100CC2B52 /* Project object */ = {
			isa = PBXProject;
			attributes = {
				LastUpgradeCheck = 0630;
				ORGANIZATIONNAME = CirclePix;
				TargetAttributes = {
					B906AC561AFD0DC100CC2B52 = {
						CreatedOnToolsVersion = 6.3;
					};
					B906AC6E1AFD0DC100CC2B52 = {
						CreatedOnToolsVersion = 6.3;
						TestTargetID = B906AC561AFD0DC100CC2B52;
					};
				};
			};
			buildConfigurationList = B906AC521AFD0DC100CC2B52 /* Build configuration list for PBXProject "HatuPro" */;
			compatibilityVersion = "Xcode 3.2";
			developmentRegion = English;
			hasScannedForEncodings = 0;
			knownRegions = (
				en,
				Base,
			);
			mainGroup = B906AC4E1AFD0DC100CC2B52;
			productRefGroup = B906AC581AFD0DC100CC2B52 /* Products */;
			projectDirPath = "";
			projectRoot = "";
			targets = (
				B906AC561AFD0DC100CC2B52 /* HatuPro */,
				B906AC6E1AFD0DC100CC2B52 /* HatuProTests */,
			);
		};
/* End PBXProject section */

/* Begin PBXResourcesBuildPhase section */
		B906AC551AFD0DC100CC2B52 /* Resources */ = {
			isa = PBXResourcesBuildPhase;
			buildActionMask = 2147483647;
			files = (
				B9A0BDD21B010D3100F00416 /* settings_icon.png in Resources */,
				B9A0BDED1B015C4700F00416 /* plus_present@3x.png in Resources */,
				B9A0BDD51B010D3100F00416 /* settings_icon@4x.png in Resources */,
				B9A0BDC51B0109EA00F00416 /* listing_icon.png in Resources */,
				B9A0BDCD1B010A1900F00416 /* agent_icon@3x.png in Resources */,
				B9A0BDE61B015AA500F00416 /* logo_lt@2x.png in Resources */,
				B906AC651AFD0DC100CC2B52 /* Main.storyboard in Resources */,
				B906AC991AFD721500CC2B52 /* presentation_icon@2x.png in Resources */,
				B906AC821AFD0F7500CC2B52 /* splash_logo.png in Resources */,
				B906AC6A1AFD0DC100CC2B52 /* LaunchScreen.xib in Resources */,
				B9A0BDD31B010D3100F00416 /* settings_icon@2x.png in Resources */,
				B9A0BDCB1B010A1900F00416 /* agent_icon.png in Resources */,
				B9A0BDD41B010D3100F00416 /* settings_icon@3x.png in Resources */,
				B906AC841AFD0F7C00CC2B52 /* splash_logo@2x.png in Resources */,
				B9A0BDC71B0109EA00F00416 /* listing_icon@3x.png in Resources */,
				B906AC671AFD0DC100CC2B52 /* Images.xcassets in Resources */,
				B906AC981AFD721500CC2B52 /* presentation_icon.png in Resources */,
				B9A0BDE71B015AA500F00416 /* logo_lt@3x.png in Resources */,
				B906AC9A1AFD721500CC2B52 /* presentation_icon@3x.png in Resources */,
				B9A0BDCC1B010A1900F00416 /* agent_icon@2x.png in Resources */,
				B9A0BDEB1B015C4700F00416 /* plus_present.png in Resources */,
				B9A0BDEC1B015C4700F00416 /* plus_present@2x.png in Resources */,
				B9A0BDC61B0109EA00F00416 /* listing_icon@2x.png in Resources */,
				B9A0BDE31B01593C00F00416 /* logo_lt.png in Resources */,
				B906AC861AFD0F8300CC2B52 /* splash_logo@3x.png in Resources */,
			);
			runOnlyForDeploymentPostprocessing = 0;
		};
		B906AC6D1AFD0DC100CC2B52 /* Resources */ = {
			isa = PBXResourcesBuildPhase;
			buildActionMask = 2147483647;
			files = (
			);
			runOnlyForDeploymentPostprocessing = 0;
		};
/* End PBXResourcesBuildPhase section */

/* Begin PBXSourcesBuildPhase section */
		B906AC531AFD0DC100CC2B52 /* Sources */ = {
			isa = PBXSourcesBuildPhase;
			buildActionMask = 2147483647;
			files = (
				B906AC8A1AFD155700CC2B52 /* LoginViewController.swift in Sources */,
				B9A0BDDD1B014A3700F00416 /* AgentViewController.swift in Sources */,
				B906AC5D1AFD0DC100CC2B52 /* AppDelegate.swift in Sources */,
				B906AC601AFD0DC100CC2B52 /* HatuPro.xcdatamodeld in Sources */,
				B9A0BDE11B0152C300F00416 /* ListingViewController.swift in Sources */,
				B9A0BDDF1B0152B000F00416 /* PresentationViewController.swift in Sources */,
				B906AC921AFD4BA700CC2B52 /* MainViewController.swift in Sources */,
			);
			runOnlyForDeploymentPostprocessing = 0;
		};
		B906AC6B1AFD0DC100CC2B52 /* Sources */ = {
			isa = PBXSourcesBuildPhase;
			buildActionMask = 2147483647;
			files = (
				B906AC761AFD0DC100CC2B52 /* HatuProTests.swift in Sources */,
			);
			runOnlyForDeploymentPostprocessing = 0;
		};
/* End PBXSourcesBuildPhase section */

/* Begin PBXTargetDependency section */
		B906AC711AFD0DC100CC2B52 /* PBXTargetDependency */ = {
			isa = PBXTargetDependency;
			target = B906AC561AFD0DC100CC2B52 /* HatuPro */;
			targetProxy = B906AC701AFD0DC100CC2B52 /* PBXContainerItemProxy */;
		};
/* End PBXTargetDependency section */

/* Begin PBXVariantGroup section */
		B906AC631AFD0DC100CC2B52 /* Main.storyboard */ = {
			isa = PBXVariantGroup;
			children = (
				B906AC641AFD0DC100CC2B52 /* Base */,
			);
			name = Main.storyboard;
			sourceTree = "<group>";
		};
		B906AC681AFD0DC100CC2B52 /* LaunchScreen.xib */ = {
			isa = PBXVariantGroup;
			children = (
				B906AC691AFD0DC100CC2B52 /* Base */,
			);
			name = LaunchScreen.xib;
			sourceTree = "<group>";
		};
/* End PBXVariantGroup section */

/* Begin XCBuildConfiguration section */
		B906AC771AFD0DC100CC2B52 /* Debug */ = {
			isa = XCBuildConfiguration;
			buildSettings = {
				ALWAYS_SEARCH_USER_PATHS = NO;
				CLANG_CXX_LANGUAGE_STANDARD = "gnu++0x";
				CLANG_CXX_LIBRARY = "libc++";
				CLANG_ENABLE_MODULES = YES;
				CLANG_ENABLE_OBJC_ARC = YES;
				CLANG_WARN_BOOL_CONVERSION = YES;
				CLANG_WARN_CONSTANT_CONVERSION = YES;
				CLANG_WARN_DIRECT_OBJC_ISA_USAGE = YES_ERROR;
				CLANG_WARN_EMPTY_BODY = YES;
				CLANG_WARN_ENUM_CONVERSION = YES;
				CLANG_WARN_INT_CONVERSION = YES;
				CLANG_WARN_OBJC_ROOT_CLASS = YES_ERROR;
				CLANG_WARN_UNREACHABLE_CODE = YES;
				CLANG_WARN__DUPLICATE_METHOD_MATCH = YES;
				"CODE_SIGN_IDENTITY[sdk=iphoneos*]" = "iPhone Developer";
				COPY_PHASE_STRIP = NO;
				DEBUG_INFORMATION_FORMAT = "dwarf-with-dsym";
				ENABLE_STRICT_OBJC_MSGSEND = YES;
				GCC_C_LANGUAGE_STANDARD = gnu99;
				GCC_DYNAMIC_NO_PIC = NO;
				GCC_NO_COMMON_BLOCKS = YES;
				GCC_OPTIMIZATION_LEVEL = 0;
				GCC_PREPROCESSOR_DEFINITIONS = (
					"DEBUG=1",
					"$(inherited)",
				);
				GCC_SYMBOLS_PRIVATE_EXTERN = NO;
				GCC_WARN_64_TO_32_BIT_CONVERSION = YES;
				GCC_WARN_ABOUT_RETURN_TYPE = YES_ERROR;
				GCC_WARN_UNDECLARED_SELECTOR = YES;
				GCC_WARN_UNINITIALIZED_AUTOS = YES_AGGRESSIVE;
				GCC_WARN_UNUSED_FUNCTION = YES;
				GCC_WARN_UNUSED_VARIABLE = YES;
				IPHONEOS_DEPLOYMENT_TARGET = 8.3;
				MTL_ENABLE_DEBUG_INFO = YES;
				ONLY_ACTIVE_ARCH = YES;
				SDKROOT = iphoneos;
				SWIFT_OPTIMIZATION_LEVEL = "-Onone";
				TARGETED_DEVICE_FAMILY = "1,2";
			};
			name = Debug;
		};
		B906AC781AFD0DC100CC2B52 /* Release */ = {
			isa = XCBuildConfiguration;
			buildSettings = {
				ALWAYS_SEARCH_USER_PATHS = NO;
				CLANG_CXX_LANGUAGE_STANDARD = "gnu++0x";
				CLANG_CXX_LIBRARY = "libc++";
				CLANG_ENABLE_MODULES = YES;
				CLANG_ENABLE_OBJC_ARC = YES;
				CLANG_WARN_BOOL_CONVERSION = YES;
				CLANG_WARN_CONSTANT_CONVERSION = YES;
				CLANG_WARN_DIRECT_OBJC_ISA_USAGE = YES_ERROR;
				CLANG_WARN_EMPTY_BODY = YES;
				CLANG_WARN_ENUM_CONVERSION = YES;
				CLANG_WARN_INT_CONVERSION = YES;
				CLANG_WARN_OBJC_ROOT_CLASS = YES_ERROR;
				CLANG_WARN_UNREACHABLE_CODE = YES;
				CLANG_WARN__DUPLICATE_METHOD_MATCH = YES;
				"CODE_SIGN_IDENTITY[sdk=iphoneos*]" = "iPhone Developer";
				COPY_PHASE_STRIP = NO;
				DEBUG_INFORMATION_FORMAT = "dwarf-with-dsym";
				ENABLE_NS_ASSERTIONS = NO;
				ENABLE_STRICT_OBJC_MSGSEND = YES;
				GCC_C_LANGUAGE_STANDARD = gnu99;
				GCC_NO_COMMON_BLOCKS = YES;
				GCC_WARN_64_TO_32_BIT_CONVERSION = YES;
				GCC_WARN_ABOUT_RETURN_TYPE = YES_ERROR;
				GCC_WARN_UNDECLARED_SELECTOR = YES;
				GCC_WARN_UNINITIALIZED_AUTOS = YES_AGGRESSIVE;
				GCC_WARN_UNUSED_FUNCTION = YES;
				GCC_WARN_UNUSED_VARIABLE = YES;
				IPHONEOS_DEPLOYMENT_TARGET = 8.3;
				MTL_ENABLE_DEBUG_INFO = NO;
				SDKROOT = iphoneos;
				TARGETED_DEVICE_FAMILY = "1,2";
				VALIDATE_PRODUCT = YES;
			};
			name = Release;
		};
		B906AC7A1AFD0DC100CC2B52 /* Debug */ = {
			isa = XCBuildConfiguration;
			buildSettings = {
				ASSETCATALOG_COMPILER_APPICON_NAME = AppIcon;
				INFOPLIST_FILE = HatuPro/Info.plist;
				LD_RUNPATH_SEARCH_PATHS = "$(inherited) @executable_path/Frameworks";
				PRODUCT_NAME = "$(TARGET_NAME)";
			};
			name = Debug;
		};
		B906AC7B1AFD0DC100CC2B52 /* Release */ = {
			isa = XCBuildConfiguration;
			buildSettings = {
				ASSETCATALOG_COMPILER_APPICON_NAME = AppIcon;
				INFOPLIST_FILE = HatuPro/Info.plist;
				LD_RUNPATH_SEARCH_PATHS = "$(inherited) @executable_path/Frameworks";
				PRODUCT_NAME = "$(TARGET_NAME)";
			};
			name = Release;
		};
		B906AC7D1AFD0DC100CC2B52 /* Debug */ = {
			isa = XCBuildConfiguration;
			buildSettings = {
				BUNDLE_LOADER = "$(TEST_HOST)";
				FRAMEWORK_SEARCH_PATHS = (
					"$(SDKROOT)/Developer/Library/Frameworks",
					"$(inherited)",
				);
				GCC_PREPROCESSOR_DEFINITIONS = (
					"DEBUG=1",
					"$(inherited)",
				);
				INFOPLIST_FILE = HatuProTests/Info.plist;
				LD_RUNPATH_SEARCH_PATHS = "$(inherited) @executable_path/Frameworks @loader_path/Frameworks";
				PRODUCT_NAME = "$(TARGET_NAME)";
				TEST_HOST = "$(BUILT_PRODUCTS_DIR)/HatuPro.app/HatuPro";
			};
			name = Debug;
		};
		B906AC7E1AFD0DC100CC2B52 /* Release */ = {
			isa = XCBuildConfiguration;
			buildSettings = {
				BUNDLE_LOADER = "$(TEST_HOST)";
				FRAMEWORK_SEARCH_PATHS = (
					"$(SDKROOT)/Developer/Library/Frameworks",
					"$(inherited)",
				);
				INFOPLIST_FILE = HatuProTests/Info.plist;
				LD_RUNPATH_SEARCH_PATHS = "$(inherited) @executable_path/Frameworks @loader_path/Frameworks";
				PRODUCT_NAME = "$(TARGET_NAME)";
				TEST_HOST = "$(BUILT_PRODUCTS_DIR)/HatuPro.app/HatuPro";
			};
			name = Release;
		};
/* End XCBuildConfiguration section */

/* Begin XCConfigurationList section */
		B906AC521AFD0DC100CC2B52 /* Build configuration list for PBXProject "HatuPro" */ = {
			isa = XCConfigurationList;
			buildConfigurations = (
				B906AC771AFD0DC100CC2B52 /* Debug */,
				B906AC781AFD0DC100CC2B52 /* Release */,
			);
			defaultConfigurationIsVisible = 0;
			defaultConfigurationName = Release;
		};
		B906AC791AFD0DC100CC2B52 /* Build configuration list for PBXNativeTarget "HatuPro" */ = {
			isa = XCConfigurationList;
			buildConfigurations = (
				B906AC7A1AFD0DC100CC2B52 /* Debug */,
				B906AC7B1AFD0DC100CC2B52 /* Release */,
			);
			defaultConfigurationIsVisible = 0;
			defaultConfigurationName = Release;
		};
		B906AC7C1AFD0DC100CC2B52 /* Build configuration list for PBXNativeTarget "HatuProTests" */ = {
			isa = XCConfigurationList;
			buildConfigurations = (
				B906AC7D1AFD0DC100CC2B52 /* Debug */,
				B906AC7E1AFD0DC100CC2B52 /* Release */,
			);
			defaultConfigurationIsVisible = 0;
			defaultConfigurationName = Release;
		};
/* End XCConfigurationList section */

/* Begin XCVersionGroup section */
		B906AC5E1AFD0DC100CC2B52 /* HatuPro.xcdatamodeld */ = {
			isa = XCVersionGroup;
			children = (
				B906AC5F1AFD0DC100CC2B52 /* HatuPro.xcdatamodel */,
			);
			currentVersion = B906AC5F1AFD0DC100CC2B52 /* HatuPro.xcdatamodel */;
			path = HatuPro.xcdatamodeld;
			sourceTree = "<group>";
			versionGroupType = wrapper.xcdatamodel;
		};
/* End XCVersionGroup section */
	};
	rootObject = B906AC4F1AFD0DC100CC2B52 /* Project object */;
}
